// !$*UTF8*$!
{
	archiveVersion = 1;
	classes = {
	};
	objectVersion = 48;
	objects = {

/* Begin PBXBuildFile section */
		82F43A6B2334BD6D00A53AD2 /* AppDelegate.swift in Sources */ = {isa = PBXBuildFile; fileRef = 82F43A6A2334BD6D00A53AD2 /* AppDelegate.swift */; };
		82F43A6D2334BD6D00A53AD2 /* ViewController.swift in Sources */ = {isa = PBXBuildFile; fileRef = 82F43A6C2334BD6D00A53AD2 /* ViewController.swift */; };
		82F43A702334BD6D00A53AD2 /* Main.storyboard in Resources */ = {isa = PBXBuildFile; fileRef = 82F43A6E2334BD6D00A53AD2 /* Main.storyboard */; };
		82F43A732334BD6D00A53AD2 /* UiCustomTableView.xcdatamodeld in Sources */ = {isa = PBXBuildFile; fileRef = 82F43A712334BD6D00A53AD2 /* UiCustomTableView.xcdatamodeld */; };
		82F43A752334BD6D00A53AD2 /* Assets.xcassets in Resources */ = {isa = PBXBuildFile; fileRef = 82F43A742334BD6D00A53AD2 /* Assets.xcassets */; };
		82F43A782334BD6D00A53AD2 /* LaunchScreen.storyboard in Resources */ = {isa = PBXBuildFile; fileRef = 82F43A762334BD6D00A53AD2 /* LaunchScreen.storyboard */; };
		82F43A832334BD6E00A53AD2 /* UiCustomTableViewTests.swift in Sources */ = {isa = PBXBuildFile; fileRef = 82F43A822334BD6E00A53AD2 /* UiCustomTableViewTests.swift */; };
		82F43A8E2334BD6E00A53AD2 /* UiCustomTableViewUITests.swift in Sources */ = {isa = PBXBuildFile; fileRef = 82F43A8D2334BD6E00A53AD2 /* UiCustomTableViewUITests.swift */; };
/* End PBXBuildFile section */

/* Begin PBXContainerItemProxy section */
		82F43A7F2334BD6E00A53AD2 /* PBXContainerItemProxy */ = {
			isa = PBXContainerItemProxy;
			containerPortal = 82F43A5F2334BD6D00A53AD2 /* Project object */;
			proxyType = 1;
			remoteGlobalIDString = 82F43A662334BD6D00A53AD2;
			remoteInfo = UiCustomTableView;
		};
		82F43A8A2334BD6E00A53AD2 /* PBXContainerItemProxy */ = {
			isa = PBXContainerItemProxy;
			containerPortal = 82F43A5F2334BD6D00A53AD2 /* Project object */;
			proxyType = 1;
			remoteGlobalIDString = 82F43A662334BD6D00A53AD2;
			remoteInfo = UiCustomTableView;
		};
/* End PBXContainerItemProxy section */

/* Begin PBXFileReference section */
		82F43A672334BD6D00A53AD2 /* UiCustomTableView.app */ = {isa = PBXFileReference; explicitFileType = wrapper.application; includeInIndex = 0; path = UiCustomTableView.app; sourceTree = BUILT_PRODUCTS_DIR; };
		82F43A6A2334BD6D00A53AD2 /* AppDelegate.swift */ = {isa = PBXFileReference; lastKnownFileType = sourcecode.swift; path = AppDelegate.swift; sourceTree = "<group>"; };
		82F43A6C2334BD6D00A53AD2 /* ViewController.swift */ = {isa = PBXFileReference; lastKnownFileType = sourcecode.swift; path = ViewController.swift; sourceTree = "<group>"; };
		82F43A6F2334BD6D00A53AD2 /* Base */ = {isa = PBXFileReference; lastKnownFileType = file.storyboard; name = Base; path = Base.lproj/Main.storyboard; sourceTree = "<group>"; };
		82F43A722334BD6D00A53AD2 /* UiCustomTableView.xcdatamodel */ = {isa = PBXFileReference; lastKnownFileType = wrapper.xcdatamodel; path = UiCustomTableView.xcdatamodel; sourceTree = "<group>"; };
		82F43A742334BD6D00A53AD2 /* Assets.xcassets */ = {isa = PBXFileReference; lastKnownFileType = folder.assetcatalog; path = Assets.xcassets; sourceTree = "<group>"; };
		82F43A772334BD6D00A53AD2 /* Base */ = {isa = PBXFileReference; lastKnownFileType = file.storyboard; name = Base; path = Base.lproj/LaunchScreen.storyboard; sourceTree = "<group>"; };
		82F43A792334BD6D00A53AD2 /* Info.plist */ = {isa = PBXFileReference; lastKnownFileType = text.plist.xml; path = Info.plist; sourceTree = "<group>"; };
		82F43A7E2334BD6E00A53AD2 /* UiCustomTableViewTests.xctest */ = {isa = PBXFileReference; explicitFileType = wrapper.cfbundle; includeInIndex = 0; path = UiCustomTableViewTests.xctest; sourceTree = BUILT_PRODUCTS_DIR; };
		82F43A822334BD6E00A53AD2 /* UiCustomTableViewTests.swift */ = {isa = PBXFileReference; lastKnownFileType = sourcecode.swift; path = UiCustomTableViewTests.swift; sourceTree = "<group>"; };
		82F43A842334BD6E00A53AD2 /* Info.plist */ = {isa = PBXFileReference; lastKnownFileType = text.plist.xml; path = Info.plist; sourceTree = "<group>"; };
		82F43A892334BD6E00A53AD2 /* UiCustomTableViewUITests.xctest */ = {isa = PBXFileReference; explicitFileType = wrapper.cfbundle; includeInIndex = 0; path = UiCustomTableViewUITests.xctest; sourceTree = BUILT_PRODUCTS_DIR; };
		82F43A8D2334BD6E00A53AD2 /* UiCustomTableViewUITests.swift */ = {isa = PBXFileReference; lastKnownFileType = sourcecode.swift; path = UiCustomTableViewUITests.swift; sourceTree = "<group>"; };
		82F43A8F2334BD6E00A53AD2 /* Info.plist */ = {isa = PBXFileReference; lastKnownFileType = text.plist.xml; path = Info.plist; sourceTree = "<group>"; };
/* End PBXFileReference section */

/* Begin PBXFrameworksBuildPhase section */
		82F43A642334BD6D00A53AD2 /* Frameworks */ = {
			isa = PBXFrameworksBuildPhase;
			buildActionMask = 2147483647;
			files = (
			);
			runOnlyForDeploymentPostprocessing = 0;
		};
		82F43A7B2334BD6E00A53AD2 /* Frameworks */ = {
			isa = PBXFrameworksBuildPhase;
			buildActionMask = 2147483647;
			files = (
			);
			runOnlyForDeploymentPostprocessing = 0;
		};
		82F43A862334BD6E00A53AD2 /* Frameworks */ = {
			isa = PBXFrameworksBuildPhase;
			buildActionMask = 2147483647;
			files = (
			);
			runOnlyForDeploymentPostprocessing = 0;
		};
/* End PBXFrameworksBuildPhase section */

/* Begin PBXGroup section */
		82F43A5E2334BD6D00A53AD2 = {
			isa = PBXGroup;
			children = (
				82F43A692334BD6D00A53AD2 /* UiCustomTableView */,
				82F43A812334BD6E00A53AD2 /* UiCustomTableViewTests */,
				82F43A8C2334BD6E00A53AD2 /* UiCustomTableViewUITests */,
				82F43A682334BD6D00A53AD2 /* Products */,
			);
			sourceTree = "<group>";
		};
		82F43A682334BD6D00A53AD2 /* Products */ = {
			isa = PBXGroup;
			children = (
				82F43A672334BD6D00A53AD2 /* UiCustomTableView.app */,
				82F43A7E2334BD6E00A53AD2 /* UiCustomTableViewTests.xctest */,
				82F43A892334BD6E00A53AD2 /* UiCustomTableViewUITests.xctest */,
			);
			name = Products;
			sourceTree = "<group>";
		};
		82F43A692334BD6D00A53AD2 /* UiCustomTableView */ = {
			isa = PBXGroup;
			children = (
				82F43A6A2334BD6D00A53AD2 /* AppDelegate.swift */,
				82F43A6C2334BD6D00A53AD2 /* ViewController.swift */,
				82F43A6E2334BD6D00A53AD2 /* Main.storyboard */,
				82F43A742334BD6D00A53AD2 /* Assets.xcassets */,
				82F43A762334BD6D00A53AD2 /* LaunchScreen.storyboard */,
				82F43A792334BD6D00A53AD2 /* Info.plist */,
				82F43A712334BD6D00A53AD2 /* UiCustomTableView.xcdatamodeld */,
			);
			path = UiCustomTableView;
			sourceTree = "<group>";
		};
		82F43A812334BD6E00A53AD2 /* UiCustomTableViewTests */ = {
			isa = PBXGroup;
			children = (
				82F43A822334BD6E00A53AD2 /* UiCustomTableViewTests.swift */,
				82F43A842334BD6E00A53AD2 /* Info.plist */,
			);
			path = UiCustomTableViewTests;
			sourceTree = "<group>";
		};
		82F43A8C2334BD6E00A53AD2 /* UiCustomTableViewUITests */ = {
			isa = PBXGroup;
			children = (
				82F43A8D2334BD6E00A53AD2 /* UiCustomTableViewUITests.swift */,
				82F43A8F2334BD6E00A53AD2 /* Info.plist */,
			);
			path = UiCustomTableViewUITests;
			sourceTree = "<group>";
		};
/* End PBXGroup section */

/* Begin PBXNativeTarget section */
		82F43A662334BD6D00A53AD2 /* UiCustomTableView */ = {
			isa = PBXNativeTarget;
			buildConfigurationList = 82F43A922334BD6E00A53AD2 /* Build configuration list for PBXNativeTarget "UiCustomTableView" */;
			buildPhases = (
				82F43A632334BD6D00A53AD2 /* Sources */,
				82F43A642334BD6D00A53AD2 /* Frameworks */,
				82F43A652334BD6D00A53AD2 /* Resources */,
			);
			buildRules = (
			);
			dependencies = (
			);
			name = UiCustomTableView;
			productName = UiCustomTableView;
			productReference = 82F43A672334BD6D00A53AD2 /* UiCustomTableView.app */;
			productType = "com.apple.product-type.application";
		};
		82F43A7D2334BD6E00A53AD2 /* UiCustomTableViewTests */ = {
			isa = PBXNativeTarget;
			buildConfigurationList = 82F43A952334BD6E00A53AD2 /* Build configuration list for PBXNativeTarget "UiCustomTableViewTests" */;
			buildPhases = (
				82F43A7A2334BD6E00A53AD2 /* Sources */,
				82F43A7B2334BD6E00A53AD2 /* Frameworks */,
				82F43A7C2334BD6E00A53AD2 /* Resources */,
			);
			buildRules = (
			);
			dependencies = (
				82F43A802334BD6E00A53AD2 /* PBXTargetDependency */,
			);
			name = UiCustomTableViewTests;
			productName = UiCustomTableViewTests;
			productReference = 82F43A7E2334BD6E00A53AD2 /* UiCustomTableViewTests.xctest */;
			productType = "com.apple.product-type.bundle.unit-test";
		};
		82F43A882334BD6E00A53AD2 /* UiCustomTableViewUITests */ = {
			isa = PBXNativeTarget;
			buildConfigurationList = 82F43A982334BD6E00A53AD2 /* Build configuration list for PBXNativeTarget "UiCustomTableViewUITests" */;
			buildPhases = (
				82F43A852334BD6E00A53AD2 /* Sources */,
				82F43A862334BD6E00A53AD2 /* Frameworks */,
				82F43A872334BD6E00A53AD2 /* Resources */,
			);
			buildRules = (
			);
			dependencies = (
				82F43A8B2334BD6E00A53AD2 /* PBXTargetDependency */,
			);
			name = UiCustomTableViewUITests;
			productName = UiCustomTableViewUITests;
			productReference = 82F43A892334BD6E00A53AD2 /* UiCustomTableViewUITests.xctest */;
			productType = "com.apple.product-type.bundle.ui-testing";
		};
/* End PBXNativeTarget section */

/* Begin PBXProject section */
		82F43A5F2334BD6D00A53AD2 /* Project object */ = {
			isa = PBXProject;
			attributes = {
				LastSwiftUpdateCheck = 0920;
				LastUpgradeCheck = 0920;
				ORGANIZATIONNAME = "COE-028";
				TargetAttributes = {
					82F43A662334BD6D00A53AD2 = {
						CreatedOnToolsVersion = 9.2;
						ProvisioningStyle = Automatic;
					};
					82F43A7D2334BD6E00A53AD2 = {
						CreatedOnToolsVersion = 9.2;
						ProvisioningStyle = Automatic;
						TestTargetID = 82F43A662334BD6D00A53AD2;
					};
					82F43A882334BD6E00A53AD2 = {
						CreatedOnToolsVersion = 9.2;
						ProvisioningStyle = Automatic;
						TestTargetID = 82F43A662334BD6D00A53AD2;
					};
				};
			};
			buildConfigurationList = 82F43A622334BD6D00A53AD2 /* Build configuration list for PBXProject "UiCustomTableView" */;
			compatibilityVersion = "Xcode 8.0";
			developmentRegion = en;
			hasScannedForEncodings = 0;
			knownRegions = (
				en,
				Base,
			);
			mainGroup = 82F43A5E2334BD6D00A53AD2;
			productRefGroup = 82F43A682334BD6D00A53AD2 /* Products */;
			projectDirPath = "";
			projectRoot = "";
			targets = (
				82F43A662334BD6D00A53AD2 /* UiCustomTableView */,
				82F43A7D2334BD6E00A53AD2 /* UiCustomTableViewTests */,
				82F43A882334BD6E00A53AD2 /* UiCustomTableViewUITests */,
			);
		};
/* End PBXProject section */

/* Begin PBXResourcesBuildPhase section */
		82F43A652334BD6D00A53AD2 /* Resources */ = {
			isa = PBXResourcesBuildPhase;
			buildActionMask = 2147483647;
			files = (
				82F43A782334BD6D00A53AD2 /* LaunchScreen.storyboard in Resources */,
				82F43A752334BD6D00A53AD2 /* Assets.xcassets in Resources */,
				82F43A702334BD6D00A53AD2 /* Main.storyboard in Resources */,
			);
			runOnlyForDeploymentPostprocessing = 0;
		};
		82F43A7C2334BD6E00A53AD2 /* Resources */ = {
			isa = PBXResourcesBuildPhase;
			buildActionMask = 2147483647;
			files = (
			);
			runOnlyForDeploymentPostprocessing = 0;
		};
		82F43A872334BD6E00A53AD2 /* Resources */ = {
			isa = PBXResourcesBuildPhase;
			buildActionMask = 2147483647;
			files = (
			);
			runOnlyForDeploymentPostprocessing = 0;
		};
/* End PBXResourcesBuildPhase section */

/* Begin PBXSourcesBuildPhase section */
		82F43A632334BD6D00A53AD2 /* Sources */ = {
			isa = PBXSourcesBuildPhase;
			buildActionMask = 2147483647;
			files = (
				82F43A732334BD6D00A53AD2 /* UiCustomTableView.xcdatamodeld in Sources */,
				82F43A6D2334BD6D00A53AD2 /* ViewController.swift in Sources */,
				82F43A6B2334BD6D00A53AD2 /* AppDelegate.swift in Sources */,
			);
			runOnlyForDeploymentPostprocessing = 0;
		};
		82F43A7A2334BD6E00A53AD2 /* Sources */ = {
			isa = PBXSourcesBuildPhase;
			buildActionMask = 2147483647;
			files = (
				82F43A832334BD6E00A53AD2 /* UiCustomTableViewTests.swift in Sources */,
			);
			runOnlyForDeploymentPostprocessing = 0;
		};
		82F43A852334BD6E00A53AD2 /* Sources */ = {
			isa = PBXSourcesBuildPhase;
			buildActionMask = 2147483647;
			files = (
				82F43A8E2334BD6E00A53AD2 /* UiCustomTableViewUITests.swift in Sources */,
			);
			runOnlyForDeploymentPostprocessing = 0;
		};
/* End PBXSourcesBuildPhase section */

/* Begin PBXTargetDependency section */
		82F43A802334BD6E00A53AD2 /* PBXTargetDependency */ = {
			isa = PBXTargetDependency;
			target = 82F43A662334BD6D00A53AD2 /* UiCustomTableView */;
			targetProxy = 82F43A7F2334BD6E00A53AD2 /* PBXContainerItemProxy */;
		};
		82F43A8B2334BD6E00A53AD2 /* PBXTargetDependency */ = {
			isa = PBXTargetDependency;
			target = 82F43A662334BD6D00A53AD2 /* UiCustomTableView */;
			targetProxy = 82F43A8A2334BD6E00A53AD2 /* PBXContainerItemProxy */;
		};
/* End PBXTargetDependency section */

/* Begin PBXVariantGroup section */
		82F43A6E2334BD6D00A53AD2 /* Main.storyboard */ = {
			isa = PBXVariantGroup;
			children = (
				82F43A6F2334BD6D00A53AD2 /* Base */,
			);
			name = Main.storyboard;
			sourceTree = "<group>";
		};
		82F43A762334BD6D00A53AD2 /* LaunchScreen.storyboard */ = {
			isa = PBXVariantGroup;
			children = (
				82F43A772334BD6D00A53AD2 /* Base */,
			);
			name = LaunchScreen.storyboard;
			sourceTree = "<group>";
		};
/* End PBXVariantGroup section */

/* Begin XCBuildConfiguration section */
		82F43A902334BD6E00A53AD2 /* Debug */ = {
			isa = XCBuildConfiguration;
			buildSettings = {
				ALWAYS_SEARCH_USER_PATHS = NO;
				CLANG_ANALYZER_NONNULL = YES;
				CLANG_ANALYZER_NUMBER_OBJECT_CONVERSION = YES_AGGRESSIVE;
				CLANG_CXX_LANGUAGE_STANDARD = "gnu++14";
				CLANG_CXX_LIBRARY = "libc++";
				CLANG_ENABLE_MODULES = YES;
				CLANG_ENABLE_OBJC_ARC = YES;
				CLANG_WARN_BLOCK_CAPTURE_AUTORELEASING = YES;
				CLANG_WARN_BOOL_CONVERSION = YES;
				CLANG_WARN_COMMA = YES;
				CLANG_WARN_CONSTANT_CONVERSION = YES;
				CLANG_WARN_DIRECT_OBJC_ISA_USAGE = YES_ERROR;
				CLANG_WARN_DOCUMENTATION_COMMENTS = YES;
				CLANG_WARN_EMPTY_BODY = YES;
				CLANG_WARN_ENUM_CONVERSION = YES;
				CLANG_WARN_INFINITE_RECURSION = YES;
				CLANG_WARN_INT_CONVERSION = YES;
				CLANG_WARN_NON_LITERAL_NULL_CONVERSION = YES;
				CLANG_WARN_OBJC_LITERAL_CONVERSION = YES;
				CLANG_WARN_OBJC_ROOT_CLASS = YES_ERROR;
				CLANG_WARN_RANGE_LOOP_ANALYSIS = YES;
				CLANG_WARN_STRICT_PROTOTYPES = YES;
				CLANG_WARN_SUSPICIOUS_MOVE = YES;
				CLANG_WARN_UNGUARDED_AVAILABILITY = YES_AGGRESSIVE;
				CLANG_WARN_UNREACHABLE_CODE = YES;
				CLANG_WARN__DUPLICATE_METHOD_MATCH = YES;
				CODE_SIGN_IDENTITY = "iPhone Developer";
				COPY_PHASE_STRIP = NO;
				DEBUG_INFORMATION_FORMAT = dwarf;
				ENABLE_STRICT_OBJC_MSGSEND = YES;
				ENABLE_TESTABILITY = YES;
				GCC_C_LANGUAGE_STANDARD = gnu11;
				GCC_DYNAMIC_NO_PIC = NO;
				GCC_NO_COMMON_BLOCKS = YES;
				GCC_OPTIMIZATION_LEVEL = 0;
				GCC_PREPROCESSOR_DEFINITIONS = (
					"DEBUG=1",
					"$(inherited)",
				);
				GCC_WARN_64_TO_32_BIT_CONVERSION = YES;
				GCC_WARN_ABOUT_RETURN_TYPE = YES_ERROR;
				GCC_WARN_UNDECLARED_SELECTOR = YES;
				GCC_WARN_UNINITIALIZED_AUTOS = YES_AGGRESSIVE;
				GCC_WARN_UNUSED_FUNCTION = YES;
				GCC_WARN_UNUSED_VARIABLE = YES;
				IPHONEOS_DEPLOYMENT_TARGET = 11.2;
				MTL_ENABLE_DEBUG_INFO = YES;
				ONLY_ACTIVE_ARCH = YES;
				SDKROOT = iphoneos;
				SWIFT_ACTIVE_COMPILATION_CONDITIONS = DEBUG;
				SWIFT_OPTIMIZATION_LEVEL = "-Onone";
			};
			name = Debug;
		};
		82F43A912334BD6E00A53AD2 /* Release */ = {
			isa = XCBuildConfiguration;
			buildSettings = {
				ALWAYS_SEARCH_USER_PATHS = NO;
				CLANG_ANALYZER_NONNULL = YES;
				CLANG_ANALYZER_NUMBER_OBJECT_CONVERSION = YES_AGGRESSIVE;
				CLANG_CXX_LANGUAGE_STANDARD = "gnu++14";
				CLANG_CXX_LIBRARY = "libc++";
				CLANG_ENABLE_MODULES = YES;
				CLANG_ENABLE_OBJC_ARC = YES;
				CLANG_WARN_BLOCK_CAPTURE_AUTORELEASING = YES;
				CLANG_WARN_BOOL_CONVERSION = YES;
				CLANG_WARN_COMMA = YES;
				CLANG_WARN_CONSTANT_CONVERSION = YES;
				CLANG_WARN_DIRECT_OBJC_ISA_USAGE = YES_ERROR;
				CLANG_WARN_DOCUMENTATION_COMMENTS = YES;
				CLANG_WARN_EMPTY_BODY = YES;
				CLANG_WARN_ENUM_CONVERSION = YES;
				CLANG_WARN_INFINITE_RECURSION = YES;
				CLANG_WARN_INT_CONVERSION = YES;
				CLANG_WARN_NON_LITERAL_NULL_CONVERSION = YES;
				CLANG_WARN_OBJC_LITERAL_CONVERSION = YES;
				CLANG_WARN_OBJC_ROOT_CLASS = YES_ERROR;
				CLANG_WARN_RANGE_LOOP_ANALYSIS = YES;
				CLANG_WARN_STRICT_PROTOTYPES = YES;
				CLANG_WARN_SUSPICIOUS_MOVE = YES;
				CLANG_WARN_UNGUARDED_AVAILABILITY = YES_AGGRESSIVE;
				CLANG_WARN_UNREACHABLE_CODE = YES;
				CLANG_WARN__DUPLICATE_METHOD_MATCH = YES;
				CODE_SIGN_IDENTITY = "iPhone Developer";
				COPY_PHASE_STRIP = NO;
				DEBUG_INFORMATION_FORMAT = "dwarf-with-dsym";
				ENABLE_NS_ASSERTIONS = NO;
				ENABLE_STRICT_OBJC_MSGSEND = YES;
				GCC_C_LANGUAGE_STANDARD = gnu11;
				GCC_NO_COMMON_BLOCKS = YES;
				GCC_WARN_64_TO_32_BIT_CONVERSION = YES;
				GCC_WARN_ABOUT_RETURN_TYPE = YES_ERROR;
				GCC_WARN_UNDECLARED_SELECTOR = YES;
				GCC_WARN_UNINITIALIZED_AUTOS = YES_AGGRESSIVE;
				GCC_WARN_UNUSED_FUNCTION = YES;
				GCC_WARN_UNUSED_VARIABLE = YES;
				IPHONEOS_DEPLOYMENT_TARGET = 11.2;
				MTL_ENABLE_DEBUG_INFO = NO;
				SDKROOT = iphoneos;
				SWIFT_OPTIMIZATION_LEVEL = "-Owholemodule";
				VALIDATE_PRODUCT = YES;
			};
			name = Release;
		};
		82F43A932334BD6E00A53AD2 /* Debug */ = {
			isa = XCBuildConfiguration;
			buildSettings = {
				ASSETCATALOG_COMPILER_APPICON_NAME = AppIcon;
				CODE_SIGN_STYLE = Automatic;
				INFOPLIST_FILE = UiCustomTableView/Info.plist;
				LD_RUNPATH_SEARCH_PATHS = "$(inherited) @executable_path/Frameworks";
				PRODUCT_BUNDLE_IDENTIFIER = bg.UiCustomTableView;
				PRODUCT_NAME = "$(TARGET_NAME)";
				SWIFT_VERSION = 4.0;
				TARGETED_DEVICE_FAMILY = "1,2";
			};
			name = Debug;
		};
		82F43A942334BD6E00A53AD2 /* Release */ = {
			isa = XCBuildConfiguration;
			buildSettings = {
				ASSETCATALOG_COMPILER_APPICON_NAME = AppIcon;
				CODE_SIGN_STYLE = Automatic;
				INFOPLIST_FILE = UiCustomTableView/Info.plist;
				LD_RUNPATH_SEARCH_PATHS = "$(inherited) @executable_path/Frameworks";
				PRODUCT_BUNDLE_IDENTIFIER = bg.UiCustomTableView;
				PRODUCT_NAME = "$(TARGET_NAME)";
				SWIFT_VERSION = 4.0;
				TARGETED_DEVICE_FAMILY = "1,2";
			};
			name = Release;
		};
		82F43A962334BD6E00A53AD2 /* Debug */ = {
			isa = XCBuildConfiguration;
			buildSettings = {
				ALWAYS_EMBED_SWIFT_STANDARD_LIBRARIES = YES;
				BUNDLE_LOADER = "$(TEST_HOST)";
				CODE_SIGN_STYLE = Automatic;
				INFOPLIST_FILE = UiCustomTableViewTests/Info.plist;
				LD_RUNPATH_SEARCH_PATHS = "$(inherited) @executable_path/Frameworks @loader_path/Frameworks";
				PRODUCT_BUNDLE_IDENTIFIER = bg.UiCustomTableViewTests;
				PRODUCT_NAME = "$(TARGET_NAME)";
				SWIFT_VERSION = 4.0;
				TARGETED_DEVICE_FAMILY = "1,2";
				TEST_HOST = "$(BUILT_PRODUCTS_DIR)/UiCustomTableView.app/UiCustomTableView";
			};
			name = Debug;
		};
		82F43A972334BD6E00A53AD2 /* Release */ = {
			isa = XCBuildConfiguration;
			buildSettings = {
				ALWAYS_EMBED_SWIFT_STANDARD_LIBRARIES = YES;
				BUNDLE_LOADER = "$(TEST_HOST)";
				CODE_SIGN_STYLE = Automatic;
				INFOPLIST_FILE = UiCustomTableViewTests/Info.plist;
				LD_RUNPATH_SEARCH_PATHS = "$(inherited) @executable_path/Frameworks @loader_path/Frameworks";
				PRODUCT_BUNDLE_IDENTIFIER = bg.UiCustomTableViewTests;
				PRODUCT_NAME = "$(TARGET_NAME)";
				SWIFT_VERSION = 4.0;
				TARGETED_DEVICE_FAMILY = "1,2";
				TEST_HOST = "$(BUILT_PRODUCTS_DIR)/UiCustomTableView.app/UiCustomTableView";
			};
			name = Release;
		};
		82F43A992334BD6E00A53AD2 /* Debug */ = {
			isa = XCBuildConfiguration;
			buildSettings = {
				ALWAYS_EMBED_SWIFT_STANDARD_LIBRARIES = YES;
				CODE_SIGN_STYLE = Automatic;
				INFOPLIST_FILE = UiCustomTableViewUITests/Info.plist;
				LD_RUNPATH_SEARCH_PATHS = "$(inherited) @executable_path/Frameworks @loader_path/Frameworks";
				PRODUCT_BUNDLE_IDENTIFIER = bg.UiCustomTableViewUITests;
				PRODUCT_NAME = "$(TARGET_NAME)";
				SWIFT_VERSION = 4.0;
				TARGETED_DEVICE_FAMILY = "1,2";
				TEST_TARGET_NAME = UiCustomTableView;
			};
			name = Debug;
		};
		82F43A9A2334BD6E00A53AD2 /* Release */ = {
			isa = XCBuildConfiguration;
			buildSettings = {
				ALWAYS_EMBED_SWIFT_STANDARD_LIBRARIES = YES;
				CODE_SIGN_STYLE = Automatic;
				INFOPLIST_FILE = UiCustomTableViewUITests/Info.plist;
				LD_RUNPATH_SEARCH_PATHS = "$(inherited) @executable_path/Frameworks @loader_path/Frameworks";
				PRODUCT_BUNDLE_IDENTIFIER = bg.UiCustomTableViewUITests;
				PRODUCT_NAME = "$(TARGET_NAME)";
				SWIFT_VERSION = 4.0;
				TARGETED_DEVICE_FAMILY = "1,2";
				TEST_TARGET_NAME = UiCustomTableView;
			};
			name = Release;
		};
/* End XCBuildConfiguration section */

/* Begin XCConfigurationList section */
		82F43A622334BD6D00A53AD2 /* Build configuration list for PBXProject "UiCustomTableView" */ = {
			isa = XCConfigurationList;
			buildConfigurations = (
				82F43A902334BD6E00A53AD2 /* Debug */,
				82F43A912334BD6E00A53AD2 /* Release */,
			);
			defaultConfigurationIsVisible = 0;
			defaultConfigurationName = Release;
		};
		82F43A922334BD6E00A53AD2 /* Build configuration list for PBXNativeTarget "UiCustomTableView" */ = {
			isa = XCConfigurationList;
			buildConfigurations = (
				82F43A932334BD6E00A53AD2 /* Debug */,
				82F43A942334BD6E00A53AD2 /* Release */,
			);
			defaultConfigurationIsVisible = 0;
			defaultConfigurationName = Release;
		};
		82F43A952334BD6E00A53AD2 /* Build configuration list for PBXNativeTarget "UiCustomTableViewTests" */ = {
			isa = XCConfigurationList;
			buildConfigurations = (
				82F43A962334BD6E00A53AD2 /* Debug */,
				82F43A972334BD6E00A53AD2 /* Release */,
			);
			defaultConfigurationIsVisible = 0;
			defaultConfigurationName = Release;
		};
		82F43A982334BD6E00A53AD2 /* Build configuration list for PBXNativeTarget "UiCustomTableViewUITests" */ = {
			isa = XCConfigurationList;
			buildConfigurations = (
				82F43A992334BD6E00A53AD2 /* Debug */,
				82F43A9A2334BD6E00A53AD2 /* Release */,
			);
			defaultConfigurationIsVisible = 0;
			defaultConfigurationName = Release;
		};
/* End XCConfigurationList section */

/* Begin XCVersionGroup section */
		82F43A712334BD6D00A53AD2 /* UiCustomTableView.xcdatamodeld */ = {
			isa = XCVersionGroup;
			children = (
				82F43A722334BD6D00A53AD2 /* UiCustomTableView.xcdatamodel */,
			);
			currentVersion = 82F43A722334BD6D00A53AD2 /* UiCustomTableView.xcdatamodel */;
			path = UiCustomTableView.xcdatamodeld;
			sourceTree = "<group>";
			versionGroupType = wrapper.xcdatamodel;
		};
/* End XCVersionGroup section */
	};
	rootObject = 82F43A5F2334BD6D00A53AD2 /* Project object */;
}
